// !$*UTF8*$!
{
	archiveVersion = 1;
	classes = {
	};
	objectVersion = 56;
	objects = {

/* Begin PBXBuildFile section */
		5D95A2E32B3C206C00C60436 /* info.plist in Resources */ = {isa = PBXBuildFile; fileRef = 5D95A2E22B3C206C00C60436 /* info.plist */; };
		5DA1AB372B342F70001ABD73 /* WeatherApp.swift in Sources */ = {isa = PBXBuildFile; fileRef = 5DA1AB362B342F70001ABD73 /* WeatherApp.swift */; };
		5DA1AB392B342F70001ABD73 /* ContentView.swift in Sources */ = {isa = PBXBuildFile; fileRef = 5DA1AB382B342F70001ABD73 /* ContentView.swift */; };
		5DA1AB3B2B342F74001ABD73 /* Assets.xcassets in Resources */ = {isa = PBXBuildFile; fileRef = 5DA1AB3A2B342F74001ABD73 /* Assets.xcassets */; };
		5DA1AB3E2B342F74001ABD73 /* Preview Assets.xcassets in Resources */ = {isa = PBXBuildFile; fileRef = 5DA1AB3D2B342F74001ABD73 /* Preview Assets.xcassets */; };
		5DD681622B3BF378009AFA24 /* LocationManager.swift in Sources */ = {isa = PBXBuildFile; fileRef = 5DD681612B3BF378009AFA24 /* LocationManager.swift */; };
		5DD681652B3BF6B2009AFA24 /* WelcomeView.swift in Sources */ = {isa = PBXBuildFile; fileRef = 5DD681642B3BF6B2009AFA24 /* WelcomeView.swift */; };
		5DD681672B3BFB29009AFA24 /* LoadingView.swift in Sources */ = {isa = PBXBuildFile; fileRef = 5DD681662B3BFB29009AFA24 /* LoadingView.swift */; };
		5DD681692B3BFCD3009AFA24 /* WeatherManager.swift in Sources */ = {isa = PBXBuildFile; fileRef = 5DD681682B3BFCD3009AFA24 /* WeatherManager.swift */; };
		5DD6816B2B3C054B009AFA24 /* WeatherView.swift in Sources */ = {isa = PBXBuildFile; fileRef = 5DD6816A2B3C054B009AFA24 /* WeatherView.swift */; };
		5DD6816D2B3C0598009AFA24 /* ModelData.swift in Sources */ = {isa = PBXBuildFile; fileRef = 5DD6816C2B3C0598009AFA24 /* ModelData.swift */; };
		5DD6816F2B3C05B2009AFA24 /* WeatherData.json in Resources */ = {isa = PBXBuildFile; fileRef = 5DD6816E2B3C05B2009AFA24 /* WeatherData.json */; };
		5DD681712B3C0A29009AFA24 /* Extensions.swift in Sources */ = {isa = PBXBuildFile; fileRef = 5DD681702B3C0A29009AFA24 /* Extensions.swift */; };
		5DD681742B3C13A5009AFA24 /* WeatherRow.swift in Sources */ = {isa = PBXBuildFile; fileRef = 5DD681732B3C13A5009AFA24 /* WeatherRow.swift */; };
/* End PBXBuildFile section */

/* Begin PBXFileReference section */
		5D95A2E22B3C206C00C60436 /* info.plist */ = {isa = PBXFileReference; lastKnownFileType = text.plist.xml; path = info.plist; sourceTree = "<group>"; };
		5DA1AB332B342F70001ABD73 /* WeatherApp.app */ = {isa = PBXFileReference; explicitFileType = wrapper.application; includeInIndex = 0; path = WeatherApp.app; sourceTree = BUILT_PRODUCTS_DIR; };
		5DA1AB362B342F70001ABD73 /* WeatherApp.swift */ = {isa = PBXFileReference; lastKnownFileType = sourcecode.swift; path = WeatherApp.swift; sourceTree = "<group>"; };
		5DA1AB382B342F70001ABD73 /* ContentView.swift */ = {isa = PBXFileReference; lastKnownFileType = sourcecode.swift; path = ContentView.swift; sourceTree = "<group>"; };
		5DA1AB3A2B342F74001ABD73 /* Assets.xcassets */ = {isa = PBXFileReference; lastKnownFileType = folder.assetcatalog; path = Assets.xcassets; sourceTree = "<group>"; };
		5DA1AB3D2B342F74001ABD73 /* Preview Assets.xcassets */ = {isa = PBXFileReference; lastKnownFileType = folder.assetcatalog; path = "Preview Assets.xcassets"; sourceTree = "<group>"; };
		5DD681612B3BF378009AFA24 /* LocationManager.swift */ = {isa = PBXFileReference; lastKnownFileType = sourcecode.swift; path = LocationManager.swift; sourceTree = "<group>"; };
		5DD681642B3BF6B2009AFA24 /* WelcomeView.swift */ = {isa = PBXFileReference; lastKnownFileType = sourcecode.swift; path = WelcomeView.swift; sourceTree = "<group>"; };
		5DD681662B3BFB29009AFA24 /* LoadingView.swift */ = {isa = PBXFileReference; lastKnownFileType = sourcecode.swift; path = LoadingView.swift; sourceTree = "<group>"; };
		5DD681682B3BFCD3009AFA24 /* WeatherManager.swift */ = {isa = PBXFileReference; lastKnownFileType = sourcecode.swift; path = WeatherManager.swift; sourceTree = "<group>"; };
		5DD6816A2B3C054B009AFA24 /* WeatherView.swift */ = {isa = PBXFileReference; lastKnownFileType = sourcecode.swift; path = WeatherView.swift; sourceTree = "<group>"; };
		5DD6816C2B3C0598009AFA24 /* ModelData.swift */ = {isa = PBXFileReference; lastKnownFileType = sourcecode.swift; path = ModelData.swift; sourceTree = "<group>"; };
		5DD6816E2B3C05B2009AFA24 /* WeatherData.json */ = {isa = PBXFileReference; lastKnownFileType = text.json; path = WeatherData.json; sourceTree = "<group>"; };
		5DD681702B3C0A29009AFA24 /* Extensions.swift */ = {isa = PBXFileReference; lastKnownFileType = sourcecode.swift; path = Extensions.swift; sourceTree = "<group>"; };
		5DD681732B3C13A5009AFA24 /* WeatherRow.swift */ = {isa = PBXFileReference; lastKnownFileType = sourcecode.swift; path = WeatherRow.swift; sourceTree = "<group>"; };
/* End PBXFileReference section */

/* Begin PBXFrameworksBuildPhase section */
		5DA1AB302B342F70001ABD73 /* Frameworks */ = {
			isa = PBXFrameworksBuildPhase;
			buildActionMask = 2147483647;
			files = (
			);
			runOnlyForDeploymentPostprocessing = 0;
		};
/* End PBXFrameworksBuildPhase section */

/* Begin PBXGroup section */
		5DA1AB2A2B342F70001ABD73 = {
			isa = PBXGroup;
			children = (
				5DA1AB352B342F70001ABD73 /* WeatherApp */,
				5DA1AB342B342F70001ABD73 /* Products */,
			);
			sourceTree = "<group>";
		};
		5DA1AB342B342F70001ABD73 /* Products */ = {
			isa = PBXGroup;
			children = (
				5DA1AB332B342F70001ABD73 /* WeatherApp.app */,
			);
			name = Products;
			sourceTree = "<group>";
		};
		5DA1AB352B342F70001ABD73 /* WeatherApp */ = {
			isa = PBXGroup;
			children = (
				5DA1AB362B342F70001ABD73 /* WeatherApp.swift */,
				5DD681702B3C0A29009AFA24 /* Extensions.swift */,
				5DD681722B3C1380009AFA24 /* Components */,
				5DD681632B3BF612009AFA24 /* Views */,
				5DD681602B3BF366009AFA24 /* Managers */,
				5DA1AB3A2B342F74001ABD73 /* Assets.xcassets */,
				5DA1AB3C2B342F74001ABD73 /* Preview Content */,
				5D95A2E22B3C206C00C60436 /* info.plist */,
			);
			path = WeatherApp;
			sourceTree = "<group>";
		};
		5DA1AB3C2B342F74001ABD73 /* Preview Content */ = {
			isa = PBXGroup;
			children = (
				5DA1AB3D2B342F74001ABD73 /* Preview Assets.xcassets */,
				5DD6816C2B3C0598009AFA24 /* ModelData.swift */,
				5DD6816E2B3C05B2009AFA24 /* WeatherData.json */,
			);
			path = "Preview Content";
			sourceTree = "<group>";
		};
		5DD681602B3BF366009AFA24 /* Managers */ = {
			isa = PBXGroup;
			children = (
				5DD681612B3BF378009AFA24 /* LocationManager.swift */,
				5DD681682B3BFCD3009AFA24 /* WeatherManager.swift */,
			);
			path = Managers;
			sourceTree = "<group>";
		};
		5DD681632B3BF612009AFA24 /* Views */ = {
			isa = PBXGroup;
			children = (
				5DA1AB382B342F70001ABD73 /* ContentView.swift */,
				5DD681642B3BF6B2009AFA24 /* WelcomeView.swift */,
				5DD681662B3BFB29009AFA24 /* LoadingView.swift */,
				5DD6816A2B3C054B009AFA24 /* WeatherView.swift */,
			);
			path = Views;
			sourceTree = "<group>";
		};
		5DD681722B3C1380009AFA24 /* Components */ = {
			isa = PBXGroup;
			children = (
				5DD681732B3C13A5009AFA24 /* WeatherRow.swift */,
			);
			path = Components;
			sourceTree = "<group>";
		};
/* End PBXGroup section */

/* Begin PBXNativeTarget section */
		5DA1AB322B342F70001ABD73 /* WeatherApp */ = {
			isa = PBXNativeTarget;
			buildConfigurationList = 5DA1AB412B342F74001ABD73 /* Build configuration list for PBXNativeTarget "WeatherApp" */;
			buildPhases = (
				5DA1AB2F2B342F70001ABD73 /* Sources */,
				5DA1AB302B342F70001ABD73 /* Frameworks */,
				5DA1AB312B342F70001ABD73 /* Resources */,
			);
			buildRules = (
			);
			dependencies = (
			);
			name = WeatherApp;
			productName = WeatherApp;
			productReference = 5DA1AB332B342F70001ABD73 /* WeatherApp.app */;
			productType = "com.apple.product-type.application";
		};
/* End PBXNativeTarget section */

/* Begin PBXProject section */
		5DA1AB2B2B342F70001ABD73 /* Project object */ = {
			isa = PBXProject;
			attributes = {
				BuildIndependentTargetsInParallel = 1;
				LastSwiftUpdateCheck = 1430;
				LastUpgradeCheck = 1430;
				TargetAttributes = {
					5DA1AB322B342F70001ABD73 = {
						CreatedOnToolsVersion = 14.3.1;
					};
				};
			};
			buildConfigurationList = 5DA1AB2E2B342F70001ABD73 /* Build configuration list for PBXProject "WeatherApp" */;
			compatibilityVersion = "Xcode 14.0";
			developmentRegion = en;
			hasScannedForEncodings = 0;
			knownRegions = (
				en,
				Base,
			);
			mainGroup = 5DA1AB2A2B342F70001ABD73;
			productRefGroup = 5DA1AB342B342F70001ABD73 /* Products */;
			projectDirPath = "";
			projectRoot = "";
			targets = (
				5DA1AB322B342F70001ABD73 /* WeatherApp */,
			);
		};
/* End PBXProject section */

/* Begin PBXResourcesBuildPhase section */
		5DA1AB312B342F70001ABD73 /* Resources */ = {
			isa = PBXResourcesBuildPhase;
			buildActionMask = 2147483647;
			files = (
				5D95A2E32B3C206C00C60436 /* info.plist in Resources */,
				5DD6816F2B3C05B2009AFA24 /* WeatherData.json in Resources */,
				5DA1AB3E2B342F74001ABD73 /* Preview Assets.xcassets in Resources */,
				5DA1AB3B2B342F74001ABD73 /* Assets.xcassets in Resources */,
			);
			runOnlyForDeploymentPostprocessing = 0;
		};
/* End PBXResourcesBuildPhase section */

/* Begin PBXSourcesBuildPhase section */
		5DA1AB2F2B342F70001ABD73 /* Sources */ = {
			isa = PBXSourcesBuildPhase;
			buildActionMask = 2147483647;
			files = (
				5DD681692B3BFCD3009AFA24 /* WeatherManager.swift in Sources */,
				5DD681712B3C0A29009AFA24 /* Extensions.swift in Sources */,
				5DD681672B3BFB29009AFA24 /* LoadingView.swift in Sources */,
				5DA1AB392B342F70001ABD73 /* ContentView.swift in Sources */,
				5DA1AB372B342F70001ABD73 /* WeatherApp.swift in Sources */,
				5DD681742B3C13A5009AFA24 /* WeatherRow.swift in Sources */,
				5DD681622B3BF378009AFA24 /* LocationManager.swift in Sources */,
				5DD6816D2B3C0598009AFA24 /* ModelData.swift in Sources */,
				5DD6816B2B3C054B009AFA24 /* WeatherView.swift in Sources */,
				5DD681652B3BF6B2009AFA24 /* WelcomeView.swift in Sources */,
			);
			runOnlyForDeploymentPostprocessing = 0;
		};
/* End PBXSourcesBuildPhase section */

/* Begin XCBuildConfiguration section */
		5DA1AB3F2B342F74001ABD73 /* Debug */ = {
			isa = XCBuildConfiguration;
			buildSettings = {
				ALWAYS_SEARCH_USER_PATHS = NO;
				CLANG_ANALYZER_NONNULL = YES;
				CLANG_ANALYZER_NUMBER_OBJECT_CONVERSION = YES_AGGRESSIVE;
				CLANG_CXX_LANGUAGE_STANDARD = "gnu++20";
				CLANG_ENABLE_MODULES = YES;
				CLANG_ENABLE_OBJC_ARC = YES;
				CLANG_ENABLE_OBJC_WEAK = YES;
				CLANG_WARN_BLOCK_CAPTURE_AUTORELEASING = YES;
				CLANG_WARN_BOOL_CONVERSION = YES;
				CLANG_WARN_COMMA = YES;
				CLANG_WARN_CONSTANT_CONVERSION = YES;
				CLANG_WARN_DEPRECATED_OBJC_IMPLEMENTATIONS = YES;
				CLANG_WARN_DIRECT_OBJC_ISA_USAGE = YES_ERROR;
				CLANG_WARN_DOCUMENTATION_COMMENTS = YES;
				CLANG_WARN_EMPTY_BODY = YES;
				CLANG_WARN_ENUM_CONVERSION = YES;
				CLANG_WARN_INFINITE_RECURSION = YES;
				CLANG_WARN_INT_CONVERSION = YES;
				CLANG_WARN_NON_LITERAL_NULL_CONVERSION = YES;
				CLANG_WARN_OBJC_IMPLICIT_RETAIN_SELF = YES;
				CLANG_WARN_OBJC_LITERAL_CONVERSION = YES;
				CLANG_WARN_OBJC_ROOT_CLASS = YES_ERROR;
				CLANG_WARN_QUOTED_INCLUDE_IN_FRAMEWORK_HEADER = YES;
				CLANG_WARN_RANGE_LOOP_ANALYSIS = YES;
				CLANG_WARN_STRICT_PROTOTYPES = YES;
				CLANG_WARN_SUSPICIOUS_MOVE = YES;
				CLANG_WARN_UNGUARDED_AVAILABILITY = YES_AGGRESSIVE;
				CLANG_WARN_UNREACHABLE_CODE = YES;
				CLANG_WARN__DUPLICATE_METHOD_MATCH = YES;
				COPY_PHASE_STRIP = NO;
				DEBUG_INFORMATION_FORMAT = dwarf;
				ENABLE_STRICT_OBJC_MSGSEND = YES;
				ENABLE_TESTABILITY = YES;
				GCC_C_LANGUAGE_STANDARD = gnu11;
				GCC_DYNAMIC_NO_PIC = NO;
				GCC_NO_COMMON_BLOCKS = YES;
				GCC_OPTIMIZATION_LEVEL = 0;
				GCC_PREPROCESSOR_DEFINITIONS = (
					"DEBUG=1",
					"$(inherited)",
				);
				GCC_WARN_64_TO_32_BIT_CONVERSION = YES;
				GCC_WARN_ABOUT_RETURN_TYPE = YES_ERROR;
				GCC_WARN_UNDECLARED_SELECTOR = YES;
				GCC_WARN_UNINITIALIZED_AUTOS = YES_AGGRESSIVE;
				GCC_WARN_UNUSED_FUNCTION = YES;
				GCC_WARN_UNUSED_VARIABLE = YES;
				INFOPLIST_FILE = "";
				"INFOPLIST_FILE[sdk=iphoneos*]" = info.plist;
				IPHONEOS_DEPLOYMENT_TARGET = 16.0;
				MTL_ENABLE_DEBUG_INFO = INCLUDE_SOURCE;
				MTL_FAST_MATH = YES;
				ONLY_ACTIVE_ARCH = YES;
				SDKROOT = iphoneos;
				SWIFT_ACTIVE_COMPILATION_CONDITIONS = DEBUG;
				SWIFT_OPTIMIZATION_LEVEL = "-Onone";
			};
			name = Debug;
		};
		5DA1AB402B342F74001ABD73 /* Release */ = {
			isa = XCBuildConfiguration;
			buildSettings = {
				ALWAYS_SEARCH_USER_PATHS = NO;
				CLANG_ANALYZER_NONNULL = YES;
				CLANG_ANALYZER_NUMBER_OBJECT_CONVERSION = YES_AGGRESSIVE;
				CLANG_CXX_LANGUAGE_STANDARD = "gnu++20";
				CLANG_ENABLE_MODULES = YES;
				CLANG_ENABLE_OBJC_ARC = YES;
				CLANG_ENABLE_OBJC_WEAK = YES;
				CLANG_WARN_BLOCK_CAPTURE_AUTORELEASING = YES;
				CLANG_WARN_BOOL_CONVERSION = YES;
				CLANG_WARN_COMMA = YES;
				CLANG_WARN_CONSTANT_CONVERSION = YES;
				CLANG_WARN_DEPRECATED_OBJC_IMPLEMENTATIONS = YES;
				CLANG_WARN_DIRECT_OBJC_ISA_USAGE = YES_ERROR;
				CLANG_WARN_DOCUMENTATION_COMMENTS = YES;
				CLANG_WARN_EMPTY_BODY = YES;
				CLANG_WARN_ENUM_CONVERSION = YES;
				CLANG_WARN_INFINITE_RECURSION = YES;
				CLANG_WARN_INT_CONVERSION = YES;
				CLANG_WARN_NON_LITERAL_NULL_CONVERSION = YES;
				CLANG_WARN_OBJC_IMPLICIT_RETAIN_SELF = YES;
				CLANG_WARN_OBJC_LITERAL_CONVERSION = YES;
				CLANG_WARN_OBJC_ROOT_CLASS = YES_ERROR;
				CLANG_WARN_QUOTED_INCLUDE_IN_FRAMEWORK_HEADER = YES;
				CLANG_WARN_RANGE_LOOP_ANALYSIS = YES;
				CLANG_WARN_STRICT_PROTOTYPES = YES;
				CLANG_WARN_SUSPICIOUS_MOVE = YES;
				CLANG_WARN_UNGUARDED_AVAILABILITY = YES_AGGRESSIVE;
				CLANG_WARN_UNREACHABLE_CODE = YES;
				CLANG_WARN__DUPLICATE_METHOD_MATCH = YES;
				COPY_PHASE_STRIP = NO;
				DEBUG_INFORMATION_FORMAT = "dwarf-with-dsym";
				ENABLE_NS_ASSERTIONS = NO;
				ENABLE_STRICT_OBJC_MSGSEND = YES;
				GCC_C_LANGUAGE_STANDARD = gnu11;
				GCC_NO_COMMON_BLOCKS = YES;
				GCC_WARN_64_TO_32_BIT_CONVERSION = YES;
				GCC_WARN_ABOUT_RETURN_TYPE = YES_ERROR;
				GCC_WARN_UNDECLARED_SELECTOR = YES;
				GCC_WARN_UNINITIALIZED_AUTOS = YES_AGGRESSIVE;
				GCC_WARN_UNUSED_FUNCTION = YES;
				GCC_WARN_UNUSED_VARIABLE = YES;
				INFOPLIST_FILE = "";
				"INFOPLIST_FILE[sdk=iphoneos*]" = info.plist;
				IPHONEOS_DEPLOYMENT_TARGET = 16.0;
				MTL_ENABLE_DEBUG_INFO = NO;
				MTL_FAST_MATH = YES;
				SDKROOT = iphoneos;
				SWIFT_COMPILATION_MODE = wholemodule;
				SWIFT_OPTIMIZATION_LEVEL = "-O";
				VALIDATE_PRODUCT = YES;
			};
			name = Release;
		};
		5DA1AB422B342F74001ABD73 /* Debug */ = {
			isa = XCBuildConfiguration;
			buildSettings = {
				ASSETCATALOG_COMPILER_APPICON_NAME = AppIcon;
				ASSETCATALOG_COMPILER_GLOBAL_ACCENT_COLOR_NAME = AccentColor;
				CODE_SIGN_STYLE = Automatic;
				CURRENT_PROJECT_VERSION = 1;
				DEVELOPMENT_ASSET_PATHS = "\"WeatherApp/Preview Content\"";
				DEVELOPMENT_TEAM = 8UFY5SHR8F;
				ENABLE_PREVIEWS = YES;
				GENERATE_INFOPLIST_FILE = YES;
				INFOPLIST_KEY_CFBundleDisplayName = "Weather App";
				INFOPLIST_KEY_LSApplicationCategoryType = "public.app-category.weather";
				INFOPLIST_KEY_UIApplicationSceneManifest_Generation = YES;
				INFOPLIST_KEY_UIApplicationSupportsIndirectInputEvents = YES;
				INFOPLIST_KEY_UILaunchScreen_Generation = YES;
				INFOPLIST_KEY_UISupportedInterfaceOrientations_iPad = "UIInterfaceOrientationPortrait UIInterfaceOrientationPortraitUpsideDown UIInterfaceOrientationLandscapeLeft UIInterfaceOrientationLandscapeRight";
				INFOPLIST_KEY_UISupportedInterfaceOrientations_iPhone = "UIInterfaceOrientationPortrait UIInterfaceOrientationLandscapeLeft UIInterfaceOrientationLandscapeRight";
				LD_RUNPATH_SEARCH_PATHS = (
					"$(inherited)",
					"@executable_path/Frameworks",
				);
				MARKETING_VERSION = 1.0;
				PRODUCT_BUNDLE_IDENTIFIER = akha.de.WeatherApp;
				PRODUCT_NAME = "$(TARGET_NAME)";
				SUPPORTED_PLATFORMS = "iphoneos iphonesimulator";
				SUPPORTS_MACCATALYST = NO;
				SUPPORTS_MAC_DESIGNED_FOR_IPHONE_IPAD = NO;
				SWIFT_EMIT_LOC_STRINGS = YES;
				SWIFT_VERSION = 5.0;
				TARGETED_DEVICE_FAMILY = "1,2";
			};
			name = Debug;
		};
		5DA1AB432B342F74001ABD73 /* Release */ = {
			isa = XCBuildConfiguration;
			buildSettings = {
				ASSETCATALOG_COMPILER_APPICON_NAME = AppIcon;
				ASSETCATALOG_COMPILER_GLOBAL_ACCENT_COLOR_NAME = AccentColor;
				CODE_SIGN_STYLE = Automatic;
				CURRENT_PROJECT_VERSION = 1;
				DEVELOPMENT_ASSET_PATHS = "\"WeatherApp/Preview Content\"";
				DEVELOPMENT_TEAM = 8UFY5SHR8F;
				ENABLE_PREVIEWS = YES;
				GENERATE_INFOPLIST_FILE = YES;
				INFOPLIST_KEY_CFBundleDisplayName = "Weather App";
				INFOPLIST_KEY_LSApplicationCategoryType = "public.app-category.weather";
				INFOPLIST_KEY_UIApplicationSceneManifest_Generation = YES;
				INFOPLIST_KEY_UIApplicationSupportsIndirectInputEvents = YES;
				INFOPLIST_KEY_UILaunchScreen_Generation = YES;
				INFOPLIST_KEY_UISupportedInterfaceOrientations_iPad = "UIInterfaceOrientationPortrait UIInterfaceOrientationPortraitUpsideDown UIInterfaceOrientationLandscapeLeft UIInterfaceOrientationLandscapeRight";
				INFOPLIST_KEY_UISupportedInterfaceOrientations_iPhone = "UIInterfaceOrientationPortrait UIInterfaceOrientationLandscapeLeft UIInterfaceOrientationLandscapeRight";
				LD_RUNPATH_SEARCH_PATHS = (
					"$(inherited)",
					"@executable_path/Frameworks",
				);
				MARKETING_VERSION = 1.0;
				PRODUCT_BUNDLE_IDENTIFIER = akha.de.WeatherApp;
				PRODUCT_NAME = "$(TARGET_NAME)";
				SUPPORTED_PLATFORMS = "iphoneos iphonesimulator";
				SUPPORTS_MACCATALYST = NO;
				SUPPORTS_MAC_DESIGNED_FOR_IPHONE_IPAD = NO;
				SWIFT_EMIT_LOC_STRINGS = YES;
				SWIFT_VERSION = 5.0;
				TARGETED_DEVICE_FAMILY = "1,2";
			};
			name = Release;
		};
/* End XCBuildConfiguration section */

/* Begin XCConfigurationList section */
		5DA1AB2E2B342F70001ABD73 /* Build configuration list for PBXProject "WeatherApp" */ = {
			isa = XCConfigurationList;
			buildConfigurations = (
				5DA1AB3F2B342F74001ABD73 /* Debug */,
				5DA1AB402B342F74001ABD73 /* Release */,
			);
			defaultConfigurationIsVisible = 0;
			defaultConfigurationName = Release;
		};
		5DA1AB412B342F74001ABD73 /* Build configuration list for PBXNativeTarget "WeatherApp" */ = {
			isa = XCConfigurationList;
			buildConfigurations = (
				5DA1AB422B342F74001ABD73 /* Debug */,
				5DA1AB432B342F74001ABD73 /* Release */,
			);
			defaultConfigurationIsVisible = 0;
			defaultConfigurationName = Release;
		};
/* End XCConfigurationList section */
	};
	rootObject = 5DA1AB2B2B342F70001ABD73 /* Project object */;
}
